
Microsoft Visual Studio Solution File, Format Version 11.00
# Visual Studio 2010
# SharpDevelop 4.4
Project("{FAE04EC0-301F-11D3-BF4B-00C04F79EFBC}") = "migh.api", "migh.api\migh.api.csproj", "{94E9508F-2F26-41FC-9199-D0A4E9FA3354}"
EndProject
Global
	GlobalSection(SolutionConfigurationPlatforms) = preSolution
		Debug|Any CPU = Debug|Any CPU
		Release|Any CPU = Release|Any CPU
	EndGlobalSection
	GlobalSection(ProjectConfigurationPlatforms) = postSolution
		{94E9508F-2F26-41FC-9199-D0A4E9FA3354}.Debug|Any CPU.ActiveCfg = Release|Any CPU
		{94E9508F-2F26-41FC-9199-D0A4E9FA3354}.Debug|Any CPU.Build.0 = Debug|Any CPU
		{94E9508F-2F26-41FC-9199-D0A4E9FA3354}.Release|Any CPU.ActiveCfg = Release|Any CPU
		{94E9508F-2F26-41FC-9199-D0A4E9FA3354}.Release|Any CPU.Build.0 = Release|Any CPU
	EndGlobalSection
	GlobalSection(SolutionProperties) = preSolution
		HideSolutionNode = FALSE
	EndGlobalSection
EndGlobal
